
Microsoft Visual Studio Solution File, Format Version 12.00
# Visual Studio Version 16
VisualStudioVersion = 16.0.28729.10
MinimumVisualStudioVersion = 10.0.40219.1
Project("{FAE04EC0-301F-11D3-BF4B-00C04F79EFBC}") = "Game Dump Toolkit", "Telnet enabler\Game Dump Toolkit.csproj", "{8652BB3B-A0DF-410C-875F-B88252AFFB2E}"
EndProject
Project("{FAE04EC0-301F-11D3-BF4B-00C04F79EFBC}") = "Drive Converter", "Drive Converter\Drive Converter.csproj", "{815CBE29-89B6-4199-B1EF-0B58B691280F}"
EndProject
Global
	GlobalSection(SolutionConfigurationPlatforms) = preSolution
		Debug|Any CPU = Debug|Any CPU
		Release|Any CPU = Release|Any CPU
	EndGlobalSection
	GlobalSection(ProjectConfigurationPlatforms) = postSolution
		{8652BB3B-A0DF-410C-875F-B88252AFFB2E}.Debug|Any CPU.ActiveCfg = Debug|Any CPU
		{8652BB3B-A0DF-410C-875F-B88252AFFB2E}.Debug|Any CPU.Build.0 = Debug|Any CPU
		{8652BB3B-A0DF-410C-875F-B88252AFFB2E}.Release|Any CPU.ActiveCfg = Release|Any CPU
		{8652BB3B-A0DF-410C-875F-B88252AFFB2E}.Release|Any CPU.Build.0 = Release|Any CPU
		{815CBE29-89B6-4199-B1EF-0B58B691280F}.Debug|Any CPU.ActiveCfg = Debug|Any CPU
		{815CBE29-89B6-4199-B1EF-0B58B691280F}.Debug|Any CPU.Build.0 = Debug|Any CPU
		{815CBE29-89B6-4199-B1EF-0B58B691280F}.Release|Any CPU.ActiveCfg = Release|Any CPU
		{815CBE29-89B6-4199-B1EF-0B58B691280F}.Release|Any CPU.Build.0 = Release|Any CPU
	EndGlobalSection
	GlobalSection(SolutionProperties) = preSolution
		HideSolutionNode = FALSE
	EndGlobalSection
	GlobalSection(ExtensibilityGlobals) = postSolution
		SolutionGuid = {6A033496-8B2F-4240-B059-8DF9EE576D59}
	EndGlobalSection
EndGlobal
